
Microsoft Visual Studio Solution File, Format Version 12.00
# Visual Studio Version 16
VisualStudioVersion = 16.0.29403.142
MinimumVisualStudioVersion = 10.0.40219.1
Project("{FAE04EC0-301F-11D3-BF4B-00C04F79EFBC}") = "OracleCloudWebAutomation", "OracleCloudWebAutomation.csproj", "{782D3955-4A9E-4222-8F02-A94DDC34A421}"
EndProject
Project("{FAE04EC0-301F-11D3-BF4B-00C04F79EFBC}") = "OCIClientLibCore", "..\OCIClientLibCore\OCIClientLibCore.csproj", "{A0D883A1-F529-40FA-B0C4-BD10180B3775}"
EndProject
Global
	GlobalSection(SolutionConfigurationPlatforms) = preSolution
		Debug|Any CPU = Debug|Any CPU
		Release|Any CPU = Release|Any CPU
	EndGlobalSection
	GlobalSection(ProjectConfigurationPlatforms) = postSolution
		{782D3955-4A9E-4222-8F02-A94DDC34A421}.Debug|Any CPU.ActiveCfg = Debug|Any CPU
		{782D3955-4A9E-4222-8F02-A94DDC34A421}.Debug|Any CPU.Build.0 = Debug|Any CPU
		{782D3955-4A9E-4222-8F02-A94DDC34A421}.Release|Any CPU.ActiveCfg = Release|Any CPU
		{782D3955-4A9E-4222-8F02-A94DDC34A421}.Release|Any CPU.Build.0 = Release|Any CPU
		{A0D883A1-F529-40FA-B0C4-BD10180B3775}.Debug|Any CPU.ActiveCfg = Debug|Any CPU
		{A0D883A1-F529-40FA-B0C4-BD10180B3775}.Debug|Any CPU.Build.0 = Debug|Any CPU
		{A0D883A1-F529-40FA-B0C4-BD10180B3775}.Release|Any CPU.ActiveCfg = Release|Any CPU
		{A0D883A1-F529-40FA-B0C4-BD10180B3775}.Release|Any CPU.Build.0 = Release|Any CPU
	EndGlobalSection
	GlobalSection(SolutionProperties) = preSolution
		HideSolutionNode = FALSE
	EndGlobalSection
	GlobalSection(ExtensibilityGlobals) = postSolution
		SolutionGuid = {02E2267E-2DFC-4F53-AC76-B8BA42FF4D75}
	EndGlobalSection
EndGlobal
